
Microsoft Visual Studio Solution File, Format Version 12.00
# Visual Studio Version 17
VisualStudioVersion = 17.13.35825.156 d17.13
MinimumVisualStudioVersion = 10.0.40219.1
Project("{FAE04EC0-301F-11D3-BF4B-00C04F79EFBC}") = "VBJWeboldal", "VBJWeboldal\VBJWeboldal.csproj", "{800BCE40-91E5-4361-9951-44166CF44025}"
EndProject
Global
	GlobalSection(SolutionConfigurationPlatforms) = preSolution
		Debug|Any CPU = Debug|Any CPU
		Release|Any CPU = Release|Any CPU
	EndGlobalSection
	GlobalSection(ProjectConfigurationPlatforms) = postSolution
		{800BCE40-91E5-4361-9951-44166CF44025}.Debug|Any CPU.ActiveCfg = Debug|Any CPU
		{800BCE40-91E5-4361-9951-44166CF44025}.Debug|Any CPU.Build.0 = Debug|Any CPU
		{800BCE40-91E5-4361-9951-44166CF44025}.Release|Any CPU.ActiveCfg = Release|Any CPU
		{800BCE40-91E5-4361-9951-44166CF44025}.Release|Any CPU.Build.0 = Release|Any CPU
	EndGlobalSection
	GlobalSection(SolutionProperties) = preSolution
		HideSolutionNode = FALSE
	EndGlobalSection
	GlobalSection(ExtensibilityGlobals) = postSolution
		SolutionGuid = {DEDBDD67-D450-4A3B-95E9-D8E1FE7C6C01}
	EndGlobalSection
EndGlobal
